
Microsoft Visual Studio Solution File, Format Version 12.00
# Visual Studio Version 16
VisualStudioVersion = 16.0.29020.237
MinimumVisualStudioVersion = 10.0.40219.1
Project("{2150E333-8FDC-42A3-9474-1A3956D46DE8}") = "Persistance", "Persistance", "{808234FE-18D7-4787-88A8-29E63DFA50F0}"
EndProject
Project("{2150E333-8FDC-42A3-9474-1A3956D46DE8}") = "WebApi", "WebApi", "{405E2E85-E571-447C-B191-D744AFD7DEDE}"
EndProject
Project("{9A19103F-16F7-4668-BE54-9A1E7A4F7556}") = "AuthorizeLogin", "WebApi\AuthorizeLogin.csproj", "{C67DB624-C102-47BC-8556-22B49889C103}"
EndProject
Project("{9A19103F-16F7-4668-BE54-9A1E7A4F7556}") = "Database", "Persistance\Database\Database.csproj", "{745B700B-1B7E-4418-9CDA-AF738A6ED1F7}"
EndProject
Project("{2150E333-8FDC-42A3-9474-1A3956D46DE8}") = "Integration", "Integration", "{AB3DA5AC-87F9-41CB-B9E7-F1279E2CD658}"
EndProject
Project("{2150E333-8FDC-42A3-9474-1A3956D46DE8}") = "Tests", "Tests", "{DF1396D1-098B-461A-9566-A3E21E2557F7}"
EndProject
Project("{9A19103F-16F7-4668-BE54-9A1E7A4F7556}") = "WebApi.Tests", "Tests\WebApi.Tests\WebApi.Tests.csproj", "{EC7D3202-78D5-48E3-B0A1-75891BCC7CC4}"
EndProject
Project("{9A19103F-16F7-4668-BE54-9A1E7A4F7556}") = "ExternalUsersIntegrationService", "Integration\ExternalUsersIntegrationService\ExternalUsersIntegrationService.csproj", "{C8A4FA3D-A2CB-4E3C-A590-178E536D8CB6}"
EndProject
Project("{9A19103F-16F7-4668-BE54-9A1E7A4F7556}") = "NoSqlDatabase", "Persistance\NoSqlDatabase\NoSqlDatabase.csproj", "{24F76E25-30A9-41A6-B5AC-AD768C10C46A}"
EndProject
Project("{2150E333-8FDC-42A3-9474-1A3956D46DE8}") = "EventsIntegration", "EventsIntegration", "{F50904C0-05CA-4BDC-88A4-A96A0B86DEFD}"
EndProject
Project("{9A19103F-16F7-4668-BE54-9A1E7A4F7556}") = "ExternalUsersEvents", "EventsIntegration\ExternalUserEvents\ExternalUsersEvents.csproj", "{EEF38039-0107-464B-9DBD-464EE608530C}"
EndProject
Project("{FAE04EC0-301F-11D3-BF4B-00C04F79EFBC}") = "HangfireIntegrationJob", "Integration\HangfireIntegrationJob\HangfireIntegrationJob.csproj", "{94BE1E2B-DC7F-4B24-91E7-85AA9EE91A28}"
EndProject
Global
	GlobalSection(SolutionConfigurationPlatforms) = preSolution
		Debug|Any CPU = Debug|Any CPU
		Release|Any CPU = Release|Any CPU
	EndGlobalSection
	GlobalSection(ProjectConfigurationPlatforms) = postSolution
		{C67DB624-C102-47BC-8556-22B49889C103}.Debug|Any CPU.ActiveCfg = Debug|Any CPU
		{C67DB624-C102-47BC-8556-22B49889C103}.Debug|Any CPU.Build.0 = Debug|Any CPU
		{C67DB624-C102-47BC-8556-22B49889C103}.Release|Any CPU.ActiveCfg = Release|Any CPU
		{C67DB624-C102-47BC-8556-22B49889C103}.Release|Any CPU.Build.0 = Release|Any CPU
		{745B700B-1B7E-4418-9CDA-AF738A6ED1F7}.Debug|Any CPU.ActiveCfg = Debug|Any CPU
		{745B700B-1B7E-4418-9CDA-AF738A6ED1F7}.Debug|Any CPU.Build.0 = Debug|Any CPU
		{745B700B-1B7E-4418-9CDA-AF738A6ED1F7}.Release|Any CPU.ActiveCfg = Release|Any CPU
		{745B700B-1B7E-4418-9CDA-AF738A6ED1F7}.Release|Any CPU.Build.0 = Release|Any CPU
		{EC7D3202-78D5-48E3-B0A1-75891BCC7CC4}.Debug|Any CPU.ActiveCfg = Debug|Any CPU
		{EC7D3202-78D5-48E3-B0A1-75891BCC7CC4}.Debug|Any CPU.Build.0 = Debug|Any CPU
		{EC7D3202-78D5-48E3-B0A1-75891BCC7CC4}.Release|Any CPU.ActiveCfg = Release|Any CPU
		{EC7D3202-78D5-48E3-B0A1-75891BCC7CC4}.Release|Any CPU.Build.0 = Release|Any CPU
		{C8A4FA3D-A2CB-4E3C-A590-178E536D8CB6}.Debug|Any CPU.ActiveCfg = Debug|Any CPU
		{C8A4FA3D-A2CB-4E3C-A590-178E536D8CB6}.Debug|Any CPU.Build.0 = Debug|Any CPU
		{C8A4FA3D-A2CB-4E3C-A590-178E536D8CB6}.Release|Any CPU.ActiveCfg = Release|Any CPU
		{C8A4FA3D-A2CB-4E3C-A590-178E536D8CB6}.Release|Any CPU.Build.0 = Release|Any CPU
		{24F76E25-30A9-41A6-B5AC-AD768C10C46A}.Debug|Any CPU.ActiveCfg = Debug|Any CPU
		{24F76E25-30A9-41A6-B5AC-AD768C10C46A}.Debug|Any CPU.Build.0 = Debug|Any CPU
		{24F76E25-30A9-41A6-B5AC-AD768C10C46A}.Release|Any CPU.ActiveCfg = Release|Any CPU
		{24F76E25-30A9-41A6-B5AC-AD768C10C46A}.Release|Any CPU.Build.0 = Release|Any CPU
		{EEF38039-0107-464B-9DBD-464EE608530C}.Debug|Any CPU.ActiveCfg = Debug|Any CPU
		{EEF38039-0107-464B-9DBD-464EE608530C}.Debug|Any CPU.Build.0 = Debug|Any CPU
		{EEF38039-0107-464B-9DBD-464EE608530C}.Release|Any CPU.ActiveCfg = Release|Any CPU
		{EEF38039-0107-464B-9DBD-464EE608530C}.Release|Any CPU.Build.0 = Release|Any CPU
		{94BE1E2B-DC7F-4B24-91E7-85AA9EE91A28}.Debug|Any CPU.ActiveCfg = Debug|Any CPU
		{94BE1E2B-DC7F-4B24-91E7-85AA9EE91A28}.Debug|Any CPU.Build.0 = Debug|Any CPU
		{94BE1E2B-DC7F-4B24-91E7-85AA9EE91A28}.Release|Any CPU.ActiveCfg = Release|Any CPU
		{94BE1E2B-DC7F-4B24-91E7-85AA9EE91A28}.Release|Any CPU.Build.0 = Release|Any CPU
	EndGlobalSection
	GlobalSection(SolutionProperties) = preSolution
		HideSolutionNode = FALSE
	EndGlobalSection
	GlobalSection(NestedProjects) = preSolution
		{C67DB624-C102-47BC-8556-22B49889C103} = {405E2E85-E571-447C-B191-D744AFD7DEDE}
		{745B700B-1B7E-4418-9CDA-AF738A6ED1F7} = {808234FE-18D7-4787-88A8-29E63DFA50F0}
		{EC7D3202-78D5-48E3-B0A1-75891BCC7CC4} = {DF1396D1-098B-461A-9566-A3E21E2557F7}
		{C8A4FA3D-A2CB-4E3C-A590-178E536D8CB6} = {AB3DA5AC-87F9-41CB-B9E7-F1279E2CD658}
		{24F76E25-30A9-41A6-B5AC-AD768C10C46A} = {808234FE-18D7-4787-88A8-29E63DFA50F0}
		{EEF38039-0107-464B-9DBD-464EE608530C} = {F50904C0-05CA-4BDC-88A4-A96A0B86DEFD}
		{94BE1E2B-DC7F-4B24-91E7-85AA9EE91A28} = {AB3DA5AC-87F9-41CB-B9E7-F1279E2CD658}
	EndGlobalSection
	GlobalSection(ExtensibilityGlobals) = postSolution
		SolutionGuid = {C330961B-43D2-44EA-8F94-D6F50984959F}
	EndGlobalSection
EndGlobal
